
Microsoft Visual Studio Solution File, Format Version 12.00
# Visual Studio Version 16
VisualStudioVersion = 16.0.30804.86
MinimumVisualStudioVersion = 10.0.40219.1
Project("{9A19103F-16F7-4668-BE54-9A1E7A4F7556}") = "AppKeep.Web", "AppKeep\AppKeep.Web.csproj", "{DB62C8A7-99B2-45DF-ABFC-4A8D72B4B64C}"
EndProject
Project("{9A19103F-16F7-4668-BE54-9A1E7A4F7556}") = "AppKeep.Data", "AppKeep.Data\AppKeep.Data.csproj", "{532A722C-7AF6-490A-9349-8CF73AA0CD30}"
EndProject
Project("{9A19103F-16F7-4668-BE54-9A1E7A4F7556}") = "AppKeep.Console", "AppKeep.Console\AppKeep.Console.csproj", "{3B250FEC-6210-46A5-8711-0E961DBB8A09}"
EndProject
Project("{9A19103F-16F7-4668-BE54-9A1E7A4F7556}") = "AppKeep.Service", "AppKeep.Service\AppKeep.Service.csproj", "{848308C6-8BC3-4D8C-9A2A-4AE6A6226437}"
EndProject
Project("{9A19103F-16F7-4668-BE54-9A1E7A4F7556}") = "AppKeep.Domain", "AppKeep.Domain\AppKeep.Domain.csproj", "{4C179374-5E95-475D-8442-00F89E0DB244}"
EndProject
Global
	GlobalSection(SolutionConfigurationPlatforms) = preSolution
		Debug|Any CPU = Debug|Any CPU
		Release|Any CPU = Release|Any CPU
	EndGlobalSection
	GlobalSection(ProjectConfigurationPlatforms) = postSolution
		{DB62C8A7-99B2-45DF-ABFC-4A8D72B4B64C}.Debug|Any CPU.ActiveCfg = Debug|Any CPU
		{DB62C8A7-99B2-45DF-ABFC-4A8D72B4B64C}.Debug|Any CPU.Build.0 = Debug|Any CPU
		{DB62C8A7-99B2-45DF-ABFC-4A8D72B4B64C}.Release|Any CPU.ActiveCfg = Release|Any CPU
		{DB62C8A7-99B2-45DF-ABFC-4A8D72B4B64C}.Release|Any CPU.Build.0 = Release|Any CPU
		{532A722C-7AF6-490A-9349-8CF73AA0CD30}.Debug|Any CPU.ActiveCfg = Debug|Any CPU
		{532A722C-7AF6-490A-9349-8CF73AA0CD30}.Debug|Any CPU.Build.0 = Debug|Any CPU
		{532A722C-7AF6-490A-9349-8CF73AA0CD30}.Release|Any CPU.ActiveCfg = Release|Any CPU
		{532A722C-7AF6-490A-9349-8CF73AA0CD30}.Release|Any CPU.Build.0 = Release|Any CPU
		{3B250FEC-6210-46A5-8711-0E961DBB8A09}.Debug|Any CPU.ActiveCfg = Debug|Any CPU
		{3B250FEC-6210-46A5-8711-0E961DBB8A09}.Debug|Any CPU.Build.0 = Debug|Any CPU
		{3B250FEC-6210-46A5-8711-0E961DBB8A09}.Release|Any CPU.ActiveCfg = Release|Any CPU
		{3B250FEC-6210-46A5-8711-0E961DBB8A09}.Release|Any CPU.Build.0 = Release|Any CPU
		{848308C6-8BC3-4D8C-9A2A-4AE6A6226437}.Debug|Any CPU.ActiveCfg = Debug|Any CPU
		{848308C6-8BC3-4D8C-9A2A-4AE6A6226437}.Debug|Any CPU.Build.0 = Debug|Any CPU
		{848308C6-8BC3-4D8C-9A2A-4AE6A6226437}.Release|Any CPU.ActiveCfg = Release|Any CPU
		{848308C6-8BC3-4D8C-9A2A-4AE6A6226437}.Release|Any CPU.Build.0 = Release|Any CPU
		{4C179374-5E95-475D-8442-00F89E0DB244}.Debug|Any CPU.ActiveCfg = Debug|Any CPU
		{4C179374-5E95-475D-8442-00F89E0DB244}.Debug|Any CPU.Build.0 = Debug|Any CPU
		{4C179374-5E95-475D-8442-00F89E0DB244}.Release|Any CPU.ActiveCfg = Release|Any CPU
		{4C179374-5E95-475D-8442-00F89E0DB244}.Release|Any CPU.Build.0 = Release|Any CPU
	EndGlobalSection
	GlobalSection(SolutionProperties) = preSolution
		HideSolutionNode = FALSE
	EndGlobalSection
	GlobalSection(ExtensibilityGlobals) = postSolution
		SolutionGuid = {989758E5-0E11-4521-A042-43B757E4551A}
	EndGlobalSection
EndGlobal
